github.com/SiBender/moduleexample v0.0.0-20260119085059-b90adb8dedb6 h1:GjLmNOmitkUU9Ba8YzMBZ1HvuqvMK956z1601sv2ZZM=
github.com/SiBender/moduleexample v0.0.0-20260119085059-b90adb8dedb6/go.mod h1:21cuAzhbUioKx3PUOxU1w1U6H41iJUAUlke+ygdk6cY=
github.com/SiBender/moduleexample v0.0.0-20260119090634-c3a0bea8fb26 h1:Q7MUEkFwyg7ENRNwVD8NbPeVIgxW2FYJ/eF60XxevZw=
github.com/SiBender/moduleexample v0.0.0-20260119090634-c3a0bea8fb26/go.mod h1:21cuAzhbUioKx3PUOxU1w1U6H41iJUAUlke+ygdk6cY=
github.com/SiBender/moduleexample v1.0.1 h1:AO7E562sMzLyVRaoQnM6UckDoSQh/XifZ6hxe71/LrU=
github.com/SiBender/moduleexample v1.0.1/go.mod h1:21cuAzhbUioKx3PUOxU1w1U6H41iJUAUlke+ygdk6cY=
